
Microsoft Visual Studio Solution File, Format Version 12.00
# Visual Studio Version 17
VisualStudioVersion = 17.4.33122.133
MinimumVisualStudioVersion = 10.0.40219.1
Project("{FAE04EC0-301F-11D3-BF4B-00C04F79EFBC}") = "HomeworkWpf1", "HomeworkWpf1\HomeworkWpf1.csproj", "{B424FEC9-B551-4D51-A0F9-94C86AA7FC3B}"
EndProject
Global
	GlobalSection(SolutionConfigurationPlatforms) = preSolution
		Debug|Any CPU = Debug|Any CPU
		Release|Any CPU = Release|Any CPU
	EndGlobalSection
	GlobalSection(ProjectConfigurationPlatforms) = postSolution
		{B424FEC9-B551-4D51-A0F9-94C86AA7FC3B}.Debug|Any CPU.ActiveCfg = Debug|Any CPU
		{B424FEC9-B551-4D51-A0F9-94C86AA7FC3B}.Debug|Any CPU.Build.0 = Debug|Any CPU
		{B424FEC9-B551-4D51-A0F9-94C86AA7FC3B}.Release|Any CPU.ActiveCfg = Release|Any CPU
		{B424FEC9-B551-4D51-A0F9-94C86AA7FC3B}.Release|Any CPU.Build.0 = Release|Any CPU
	EndGlobalSection
	GlobalSection(SolutionProperties) = preSolution
		HideSolutionNode = FALSE
	EndGlobalSection
	GlobalSection(ExtensibilityGlobals) = postSolution
		SolutionGuid = {92ED814A-E375-4987-B2EC-C0380CF923AB}
	EndGlobalSection
EndGlobal
